{
    "name": "storefront",
    "lockfileVersion": 3,
    "requires": true,
    "packages": {
        "": {
            "dependencies": {
                "altcha": "^3.0.0"
            }
        },
        "node_modules/altcha": {
            "version": "3.0.1",
            "resolved": "https://registry.npmjs.org/altcha/-/altcha-3.0.1.tgz",
            "integrity": "sha512-vve3YCR2NLFsbzdgpaOj/pYRQetwA2+ivjNSv96nepxiPHz3ydtDW25uVtQTHYPnQC9EVX1JChKgbuecjZn3WQ==",
            "license": "MIT",
            "dependencies": {
                "hash-wasm": "^4.12.0"
            }
        },
        "node_modules/hash-wasm": {
            "version": "4.12.0",
            "resolved": "https://registry.npmjs.org/hash-wasm/-/hash-wasm-4.12.0.tgz",
            "integrity": "sha512-+/2B2rYLb48I/evdOIhP+K/DD2ca2fgBjp6O+GBEnCDk2e4rpeXIK8GvIyRPjTezgmWn9gmKwkQjjx6BtqDHVQ==",
            "license": "MIT"
        }
    }
}
